
Microsoft Visual Studio Solution File, Format Version 12.00
# Visual Studio 15
VisualStudioVersion = 15.0.27004.2009
MinimumVisualStudioVersion = 10.0.40219.1
Project("{FAE04EC0-301F-11D3-BF4B-00C04F79EFBC}") = "PuzzleBlockConsole", "BlockPuzzleConsole\PuzzleBlockConsole.csproj", "{65F66801-B3A8-4628-A053-1B0111F969F2}"
EndProject
Project("{FAE04EC0-301F-11D3-BF4B-00C04F79EFBC}") = "Tests", "BlockPuzzleTests\Tests.csproj", "{6809A9CC-EE31-45BB-94BF-C1549B7A3894}"
EndProject
Global
	GlobalSection(SolutionConfigurationPlatforms) = preSolution
		Debug|Any CPU = Debug|Any CPU
		Release|Any CPU = Release|Any CPU
	EndGlobalSection
	GlobalSection(ProjectConfigurationPlatforms) = postSolution
		{65F66801-B3A8-4628-A053-1B0111F969F2}.Debug|Any CPU.ActiveCfg = Debug|Any CPU
		{65F66801-B3A8-4628-A053-1B0111F969F2}.Debug|Any CPU.Build.0 = Debug|Any CPU
		{65F66801-B3A8-4628-A053-1B0111F969F2}.Release|Any CPU.ActiveCfg = Release|Any CPU
		{65F66801-B3A8-4628-A053-1B0111F969F2}.Release|Any CPU.Build.0 = Release|Any CPU
		{6809A9CC-EE31-45BB-94BF-C1549B7A3894}.Debug|Any CPU.ActiveCfg = Debug|Any CPU
		{6809A9CC-EE31-45BB-94BF-C1549B7A3894}.Debug|Any CPU.Build.0 = Debug|Any CPU
		{6809A9CC-EE31-45BB-94BF-C1549B7A3894}.Release|Any CPU.ActiveCfg = Release|Any CPU
		{6809A9CC-EE31-45BB-94BF-C1549B7A3894}.Release|Any CPU.Build.0 = Release|Any CPU
	EndGlobalSection
	GlobalSection(SolutionProperties) = preSolution
		HideSolutionNode = FALSE
	EndGlobalSection
	GlobalSection(ExtensibilityGlobals) = postSolution
		SolutionGuid = {D109F9CD-76C1-4E5E-A4EB-41FB6DB6CE3C}
	EndGlobalSection
EndGlobal
